
Microsoft Visual Studio Solution File, Format Version 12.00
# Visual Studio Version 17
VisualStudioVersion = 17.9.34728.123
MinimumVisualStudioVersion = 10.0.40219.1
Project("{9A19103F-16F7-4668-BE54-9A1E7A4F7556}") = "ServerManagement", "ServerManagement\ServerManagement.csproj", "{9B21F136-69CB-4748-B350-1ECF4FAA35ED}"
EndProject
Project("{9A19103F-16F7-4668-BE54-9A1E7A4F7556}") = "ToDoApp", "ToDoApp\ToDoApp.csproj", "{DD509731-BB40-44EC-AC8E-EE756CDB2799}"
EndProject
Project("{9A19103F-16F7-4668-BE54-9A1E7A4F7556}") = "WebAssemblyDemo", "WebAssemblyDemo\WebAssemblyDemo\WebAssemblyDemo.csproj", "{4B709124-F652-419B-ACF2-B996888EB36E}"
EndProject
Project("{9A19103F-16F7-4668-BE54-9A1E7A4F7556}") = "WebAssemblyDemo.Client", "WebAssemblyDemo\WebAssemblyDemo.Client\WebAssemblyDemo.Client.csproj", "{8C34B6EF-5A6B-4048-9AE0-844D6166F68B}"
EndProject
Global
	GlobalSection(SolutionConfigurationPlatforms) = preSolution
		Debug|Any CPU = Debug|Any CPU
		Release|Any CPU = Release|Any CPU
	EndGlobalSection
	GlobalSection(ProjectConfigurationPlatforms) = postSolution
		{9B21F136-69CB-4748-B350-1ECF4FAA35ED}.Debug|Any CPU.ActiveCfg = Debug|Any CPU
		{9B21F136-69CB-4748-B350-1ECF4FAA35ED}.Debug|Any CPU.Build.0 = Debug|Any CPU
		{9B21F136-69CB-4748-B350-1ECF4FAA35ED}.Release|Any CPU.ActiveCfg = Release|Any CPU
		{9B21F136-69CB-4748-B350-1ECF4FAA35ED}.Release|Any CPU.Build.0 = Release|Any CPU
		{DD509731-BB40-44EC-AC8E-EE756CDB2799}.Debug|Any CPU.ActiveCfg = Debug|Any CPU
		{DD509731-BB40-44EC-AC8E-EE756CDB2799}.Debug|Any CPU.Build.0 = Debug|Any CPU
		{DD509731-BB40-44EC-AC8E-EE756CDB2799}.Release|Any CPU.ActiveCfg = Release|Any CPU
		{DD509731-BB40-44EC-AC8E-EE756CDB2799}.Release|Any CPU.Build.0 = Release|Any CPU
		{4B709124-F652-419B-ACF2-B996888EB36E}.Debug|Any CPU.ActiveCfg = Debug|Any CPU
		{4B709124-F652-419B-ACF2-B996888EB36E}.Debug|Any CPU.Build.0 = Debug|Any CPU
		{4B709124-F652-419B-ACF2-B996888EB36E}.Release|Any CPU.ActiveCfg = Release|Any CPU
		{4B709124-F652-419B-ACF2-B996888EB36E}.Release|Any CPU.Build.0 = Release|Any CPU
		{8C34B6EF-5A6B-4048-9AE0-844D6166F68B}.Debug|Any CPU.ActiveCfg = Debug|Any CPU
		{8C34B6EF-5A6B-4048-9AE0-844D6166F68B}.Debug|Any CPU.Build.0 = Debug|Any CPU
		{8C34B6EF-5A6B-4048-9AE0-844D6166F68B}.Release|Any CPU.ActiveCfg = Release|Any CPU
		{8C34B6EF-5A6B-4048-9AE0-844D6166F68B}.Release|Any CPU.Build.0 = Release|Any CPU
	EndGlobalSection
	GlobalSection(SolutionProperties) = preSolution
		HideSolutionNode = FALSE
	EndGlobalSection
	GlobalSection(ExtensibilityGlobals) = postSolution
		SolutionGuid = {B0B12D9E-5BBD-4C2D-A55D-1D6FA08EB290}
	EndGlobalSection
EndGlobal
